// !$*UTF8*$!
{
	archiveVersion = 1;
	classes = {
	};
	objectVersion = 46;
	objects = {

/* Begin PBXBuildFile section */
		30AC37051CB1EEBD00F71B32 /* AppDelegate.swift in Sources */ = {isa = PBXBuildFile; fileRef = 30AC37041CB1EEBD00F71B32 /* AppDelegate.swift */; };
		30AC37071CB1EEBD00F71B32 /* ViewController.swift in Sources */ = {isa = PBXBuildFile; fileRef = 30AC37061CB1EEBD00F71B32 /* ViewController.swift */; };
		30AC370A1CB1EEBD00F71B32 /* Main.storyboard in Resources */ = {isa = PBXBuildFile; fileRef = 30AC37081CB1EEBD00F71B32 /* Main.storyboard */; };
		30AC370C1CB1EEBD00F71B32 /* Assets.xcassets in Resources */ = {isa = PBXBuildFile; fileRef = 30AC370B1CB1EEBD00F71B32 /* Assets.xcassets */; };
		30AC370F1CB1EEBD00F71B32 /* LaunchScreen.storyboard in Resources */ = {isa = PBXBuildFile; fileRef = 30AC370D1CB1EEBD00F71B32 /* LaunchScreen.storyboard */; };
		30AC371A1CB1EEBE00F71B32 /* BankAssignmentTests.swift in Sources */ = {isa = PBXBuildFile; fileRef = 30AC37191CB1EEBE00F71B32 /* BankAssignmentTests.swift */; };
		30AC37251CB1EEBE00F71B32 /* BankAssignmentUITests.swift in Sources */ = {isa = PBXBuildFile; fileRef = 30AC37241CB1EEBE00F71B32 /* BankAssignmentUITests.swift */; };
/* End PBXBuildFile section */

/* Begin PBXContainerItemProxy section */
		30AC37161CB1EEBE00F71B32 /* PBXContainerItemProxy */ = {
			isa = PBXContainerItemProxy;
			containerPortal = 30AC36F91CB1EEBD00F71B32 /* Project object */;
			proxyType = 1;
			remoteGlobalIDString = 30AC37001CB1EEBD00F71B32;
			remoteInfo = BankAssignment;
		};
		30AC37211CB1EEBE00F71B32 /* PBXContainerItemProxy */ = {
			isa = PBXContainerItemProxy;
			containerPortal = 30AC36F91CB1EEBD00F71B32 /* Project object */;
			proxyType = 1;
			remoteGlobalIDString = 30AC37001CB1EEBD00F71B32;
			remoteInfo = BankAssignment;
		};
/* End PBXContainerItemProxy section */

/* Begin PBXFileReference section */
		30AC37011CB1EEBD00F71B32 /* BankAssignment.app */ = {isa = PBXFileReference; explicitFileType = wrapper.application; includeInIndex = 0; path = BankAssignment.app; sourceTree = BUILT_PRODUCTS_DIR; };
		30AC37041CB1EEBD00F71B32 /* AppDelegate.swift */ = {isa = PBXFileReference; lastKnownFileType = sourcecode.swift; path = AppDelegate.swift; sourceTree = "<group>"; };
		30AC37061CB1EEBD00F71B32 /* ViewController.swift */ = {isa = PBXFileReference; lastKnownFileType = sourcecode.swift; path = ViewController.swift; sourceTree = "<group>"; };
		30AC37091CB1EEBD00F71B32 /* Base */ = {isa = PBXFileReference; lastKnownFileType = file.storyboard; name = Base; path = Base.lproj/Main.storyboard; sourceTree = "<group>"; };
		30AC370B1CB1EEBD00F71B32 /* Assets.xcassets */ = {isa = PBXFileReference; lastKnownFileType = folder.assetcatalog; path = Assets.xcassets; sourceTree = "<group>"; };
		30AC370E1CB1EEBD00F71B32 /* Base */ = {isa = PBXFileReference; lastKnownFileType = file.storyboard; name = Base; path = Base.lproj/LaunchScreen.storyboard; sourceTree = "<group>"; };
		30AC37101CB1EEBD00F71B32 /* Info.plist */ = {isa = PBXFileReference; lastKnownFileType = text.plist.xml; path = Info.plist; sourceTree = "<group>"; };
		30AC37151CB1EEBE00F71B32 /* BankAssignmentTests.xctest */ = {isa = PBXFileReference; explicitFileType = wrapper.cfbundle; includeInIndex = 0; path = BankAssignmentTests.xctest; sourceTree = BUILT_PRODUCTS_DIR; };
		30AC37191CB1EEBE00F71B32 /* BankAssignmentTests.swift */ = {isa = PBXFileReference; lastKnownFileType = sourcecode.swift; path = BankAssignmentTests.swift; sourceTree = "<group>"; };
		30AC371B1CB1EEBE00F71B32 /* Info.plist */ = {isa = PBXFileReference; lastKnownFileType = text.plist.xml; path = Info.plist; sourceTree = "<group>"; };
		30AC37201CB1EEBE00F71B32 /* BankAssignmentUITests.xctest */ = {isa = PBXFileReference; explicitFileType = wrapper.cfbundle; includeInIndex = 0; path = BankAssignmentUITests.xctest; sourceTree = BUILT_PRODUCTS_DIR; };
		30AC37241CB1EEBE00F71B32 /* BankAssignmentUITests.swift */ = {isa = PBXFileReference; lastKnownFileType = sourcecode.swift; path = BankAssignmentUITests.swift; sourceTree = "<group>"; };
		30AC37261CB1EEBE00F71B32 /* Info.plist */ = {isa = PBXFileReference; lastKnownFileType = text.plist.xml; path = Info.plist; sourceTree = "<group>"; };
/* End PBXFileReference section */

/* Begin PBXFrameworksBuildPhase section */
		30AC36FE1CB1EEBD00F71B32 /* Frameworks */ = {
			isa = PBXFrameworksBuildPhase;
			buildActionMask = 2147483647;
			files = (
			);
			runOnlyForDeploymentPostprocessing = 0;
		};
		30AC37121CB1EEBE00F71B32 /* Frameworks */ = {
			isa = PBXFrameworksBuildPhase;
			buildActionMask = 2147483647;
			files = (
			);
			runOnlyForDeploymentPostprocessing = 0;
		};
		30AC371D1CB1EEBE00F71B32 /* Frameworks */ = {
			isa = PBXFrameworksBuildPhase;
			buildActionMask = 2147483647;
			files = (
			);
			runOnlyForDeploymentPostprocessing = 0;
		};
/* End PBXFrameworksBuildPhase section */

/* Begin PBXGroup section */
		30AC36F81CB1EEBD00F71B32 = {
			isa = PBXGroup;
			children = (
				30AC37031CB1EEBD00F71B32 /* BankAssignment */,
				30AC37181CB1EEBE00F71B32 /* BankAssignmentTests */,
				30AC37231CB1EEBE00F71B32 /* BankAssignmentUITests */,
				30AC37021CB1EEBD00F71B32 /* Products */,
			);
			sourceTree = "<group>";
		};
		30AC37021CB1EEBD00F71B32 /* Products */ = {
			isa = PBXGroup;
			children = (
				30AC37011CB1EEBD00F71B32 /* BankAssignment.app */,
				30AC37151CB1EEBE00F71B32 /* BankAssignmentTests.xctest */,
				30AC37201CB1EEBE00F71B32 /* BankAssignmentUITests.xctest */,
			);
			name = Products;
			sourceTree = "<group>";
		};
		30AC37031CB1EEBD00F71B32 /* BankAssignment */ = {
			isa = PBXGroup;
			children = (
				30AC37041CB1EEBD00F71B32 /* AppDelegate.swift */,
				30AC37061CB1EEBD00F71B32 /* ViewController.swift */,
				30AC37081CB1EEBD00F71B32 /* Main.storyboard */,
				30AC370B1CB1EEBD00F71B32 /* Assets.xcassets */,
				30AC370D1CB1EEBD00F71B32 /* LaunchScreen.storyboard */,
				30AC37101CB1EEBD00F71B32 /* Info.plist */,
			);
			path = BankAssignment;
			sourceTree = "<group>";
		};
		30AC37181CB1EEBE00F71B32 /* BankAssignmentTests */ = {
			isa = PBXGroup;
			children = (
				30AC37191CB1EEBE00F71B32 /* BankAssignmentTests.swift */,
				30AC371B1CB1EEBE00F71B32 /* Info.plist */,
			);
			path = BankAssignmentTests;
			sourceTree = "<group>";
		};
		30AC37231CB1EEBE00F71B32 /* BankAssignmentUITests */ = {
			isa = PBXGroup;
			children = (
				30AC37241CB1EEBE00F71B32 /* BankAssignmentUITests.swift */,
				30AC37261CB1EEBE00F71B32 /* Info.plist */,
			);
			path = BankAssignmentUITests;
			sourceTree = "<group>";
		};
/* End PBXGroup section */

/* Begin PBXNativeTarget section */
		30AC37001CB1EEBD00F71B32 /* BankAssignment */ = {
			isa = PBXNativeTarget;
			buildConfigurationList = 30AC37291CB1EEBE00F71B32 /* Build configuration list for PBXNativeTarget "BankAssignment" */;
			buildPhases = (
				30AC36FD1CB1EEBD00F71B32 /* Sources */,
				30AC36FE1CB1EEBD00F71B32 /* Frameworks */,
				30AC36FF1CB1EEBD00F71B32 /* Resources */,
			);
			buildRules = (
			);
			dependencies = (
			);
			name = BankAssignment;
			productName = BankAssignment;
			productReference = 30AC37011CB1EEBD00F71B32 /* BankAssignment.app */;
			productType = "com.apple.product-type.application";
		};
		30AC37141CB1EEBE00F71B32 /* BankAssignmentTests */ = {
			isa = PBXNativeTarget;
			buildConfigurationList = 30AC372C1CB1EEBE00F71B32 /* Build configuration list for PBXNativeTarget "BankAssignmentTests" */;
			buildPhases = (
				30AC37111CB1EEBE00F71B32 /* Sources */,
				30AC37121CB1EEBE00F71B32 /* Frameworks */,
				30AC37131CB1EEBE00F71B32 /* Resources */,
			);
			buildRules = (
			);
			dependencies = (
				30AC37171CB1EEBE00F71B32 /* PBXTargetDependency */,
			);
			name = BankAssignmentTests;
			productName = BankAssignmentTests;
			productReference = 30AC37151CB1EEBE00F71B32 /* BankAssignmentTests.xctest */;
			productType = "com.apple.product-type.bundle.unit-test";
		};
		30AC371F1CB1EEBE00F71B32 /* BankAssignmentUITests */ = {
			isa = PBXNativeTarget;
			buildConfigurationList = 30AC372F1CB1EEBE00F71B32 /* Build configuration list for PBXNativeTarget "BankAssignmentUITests" */;
			buildPhases = (
				30AC371C1CB1EEBE00F71B32 /* Sources */,
				30AC371D1CB1EEBE00F71B32 /* Frameworks */,
				30AC371E1CB1EEBE00F71B32 /* Resources */,
			);
			buildRules = (
			);
			dependencies = (
				30AC37221CB1EEBE00F71B32 /* PBXTargetDependency */,
			);
			name = BankAssignmentUITests;
			productName = BankAssignmentUITests;
			productReference = 30AC37201CB1EEBE00F71B32 /* BankAssignmentUITests.xctest */;
			productType = "com.apple.product-type.bundle.ui-testing";
		};
/* End PBXNativeTarget section */

/* Begin PBXProject section */
		30AC36F91CB1EEBD00F71B32 /* Project object */ = {
			isa = PBXProject;
			attributes = {
				LastSwiftUpdateCheck = 0720;
				LastUpgradeCheck = 0720;
				ORGANIZATIONNAME = RMIT;
				TargetAttributes = {
					30AC37001CB1EEBD00F71B32 = {
						CreatedOnToolsVersion = 7.2.1;
						DevelopmentTeam = XYZSDU8UH4;
					};
					30AC37141CB1EEBE00F71B32 = {
						CreatedOnToolsVersion = 7.2.1;
						DevelopmentTeam = XYZSDU8UH4;
						TestTargetID = 30AC37001CB1EEBD00F71B32;
					};
					30AC371F1CB1EEBE00F71B32 = {
						CreatedOnToolsVersion = 7.2.1;
						DevelopmentTeam = XYZSDU8UH4;
						TestTargetID = 30AC37001CB1EEBD00F71B32;
					};
				};
			};
			buildConfigurationList = 30AC36FC1CB1EEBD00F71B32 /* Build configuration list for PBXProject "BankAssignment" */;
			compatibilityVersion = "Xcode 3.2";
			developmentRegion = English;
			hasScannedForEncodings = 0;
			knownRegions = (
				en,
				Base,
			);
			mainGroup = 30AC36F81CB1EEBD00F71B32;
			productRefGroup = 30AC37021CB1EEBD00F71B32 /* Products */;
			projectDirPath = "";
			projectRoot = "";
			targets = (
				30AC37001CB1EEBD00F71B32 /* BankAssignment */,
				30AC37141CB1EEBE00F71B32 /* BankAssignmentTests */,
				30AC371F1CB1EEBE00F71B32 /* BankAssignmentUITests */,
			);
		};
/* End PBXProject section */

/* Begin PBXResourcesBuildPhase section */
		30AC36FF1CB1EEBD00F71B32 /* Resources */ = {
			isa = PBXResourcesBuildPhase;
			buildActionMask = 2147483647;
			files = (
				30AC370F1CB1EEBD00F71B32 /* LaunchScreen.storyboard in Resources */,
				30AC370C1CB1EEBD00F71B32 /* Assets.xcassets in Resources */,
				30AC370A1CB1EEBD00F71B32 /* Main.storyboard in Resources */,
			);
			runOnlyForDeploymentPostprocessing = 0;
		};
		30AC37131CB1EEBE00F71B32 /* Resources */ = {
			isa = PBXResourcesBuildPhase;
			buildActionMask = 2147483647;
			files = (
			);
			runOnlyForDeploymentPostprocessing = 0;
		};
		30AC371E1CB1EEBE00F71B32 /* Resources */ = {
			isa = PBXResourcesBuildPhase;
			buildActionMask = 2147483647;
			files = (
			);
			runOnlyForDeploymentPostprocessing = 0;
		};
/* End PBXResourcesBuildPhase section */

/* Begin PBXSourcesBuildPhase section */
		30AC36FD1CB1EEBD00F71B32 /* Sources */ = {
			isa = PBXSourcesBuildPhase;
			buildActionMask = 2147483647;
			files = (
				30AC37071CB1EEBD00F71B32 /* ViewController.swift in Sources */,
				30AC37051CB1EEBD00F71B32 /* AppDelegate.swift in Sources */,
			);
			runOnlyForDeploymentPostprocessing = 0;
		};
		30AC37111CB1EEBE00F71B32 /* Sources */ = {
			isa = PBXSourcesBuildPhase;
			buildActionMask = 2147483647;
			files = (
				30AC371A1CB1EEBE00F71B32 /* BankAssignmentTests.swift in Sources */,
			);
			runOnlyForDeploymentPostprocessing = 0;
		};
		30AC371C1CB1EEBE00F71B32 /* Sources */ = {
			isa = PBXSourcesBuildPhase;
			buildActionMask = 2147483647;
			files = (
				30AC37251CB1EEBE00F71B32 /* BankAssignmentUITests.swift in Sources */,
			);
			runOnlyForDeploymentPostprocessing = 0;
		};
/* End PBXSourcesBuildPhase section */

/* Begin PBXTargetDependency section */
		30AC37171CB1EEBE00F71B32 /* PBXTargetDependency */ = {
			isa = PBXTargetDependency;
			target = 30AC37001CB1EEBD00F71B32 /* BankAssignment */;
			targetProxy = 30AC37161CB1EEBE00F71B32 /* PBXContainerItemProxy */;
		};
		30AC37221CB1EEBE00F71B32 /* PBXTargetDependency */ = {
			isa = PBXTargetDependency;
			target = 30AC37001CB1EEBD00F71B32 /* BankAssignment */;
			targetProxy = 30AC37211CB1EEBE00F71B32 /* PBXContainerItemProxy */;
		};
/* End PBXTargetDependency section */

/* Begin PBXVariantGroup section */
		30AC37081CB1EEBD00F71B32 /* Main.storyboard */ = {
			isa = PBXVariantGroup;
			children = (
				30AC37091CB1EEBD00F71B32 /* Base */,
			);
			name = Main.storyboard;
			sourceTree = "<group>";
		};
		30AC370D1CB1EEBD00F71B32 /* LaunchScreen.storyboard */ = {
			isa = PBXVariantGroup;
			children = (
				30AC370E1CB1EEBD00F71B32 /* Base */,
			);
			name = LaunchScreen.storyboard;
			sourceTree = "<group>";
		};
/* End PBXVariantGroup section */

/* Begin XCBuildConfiguration section */
		30AC37271CB1EEBE00F71B32 /* Debug */ = {
			isa = XCBuildConfiguration;
			buildSettings = {
				ALWAYS_SEARCH_USER_PATHS = NO;
				CLANG_CXX_LANGUAGE_STANDARD = "gnu++0x";
				CLANG_CXX_LIBRARY = "libc++";
				CLANG_ENABLE_MODULES = YES;
				CLANG_ENABLE_OBJC_ARC = YES;
				CLANG_WARN_BOOL_CONVERSION = YES;
				CLANG_WARN_CONSTANT_CONVERSION = YES;
				CLANG_WARN_DIRECT_OBJC_ISA_USAGE = YES_ERROR;
				CLANG_WARN_EMPTY_BODY = YES;
				CLANG_WARN_ENUM_CONVERSION = YES;
				CLANG_WARN_INT_CONVERSION = YES;
				CLANG_WARN_OBJC_ROOT_CLASS = YES_ERROR;
				CLANG_WARN_UNREACHABLE_CODE = YES;
				CLANG_WARN__DUPLICATE_METHOD_MATCH = YES;
				"CODE_SIGN_IDENTITY[sdk=iphoneos*]" = "iPhone Developer";
				COPY_PHASE_STRIP = NO;
				DEBUG_INFORMATION_FORMAT = dwarf;
				ENABLE_STRICT_OBJC_MSGSEND = YES;
				ENABLE_TESTABILITY = YES;
				GCC_C_LANGUAGE_STANDARD = gnu99;
				GCC_DYNAMIC_NO_PIC = NO;
				GCC_NO_COMMON_BLOCKS = YES;
				GCC_OPTIMIZATION_LEVEL = 0;
				GCC_PREPROCESSOR_DEFINITIONS = (
					"DEBUG=1",
					"$(inherited)",
				);
				GCC_WARN_64_TO_32_BIT_CONVERSION = YES;
				GCC_WARN_ABOUT_RETURN_TYPE = YES_ERROR;
				GCC_WARN_UNDECLARED_SELECTOR = YES;
				GCC_WARN_UNINITIALIZED_AUTOS = YES_AGGRESSIVE;
				GCC_WARN_UNUSED_FUNCTION = YES;
				GCC_WARN_UNUSED_VARIABLE = YES;
				IPHONEOS_DEPLOYMENT_TARGET = 9.2;
				MTL_ENABLE_DEBUG_INFO = YES;
				ONLY_ACTIVE_ARCH = YES;
				SDKROOT = iphoneos;
				SWIFT_OPTIMIZATION_LEVEL = "-Onone";
				TARGETED_DEVICE_FAMILY = "1,2";
			};
			name = Debug;
		};
		30AC37281CB1EEBE00F71B32 /* Release */ = {
			isa = XCBuildConfiguration;
			buildSettings = {
				ALWAYS_SEARCH_USER_PATHS = NO;
				CLANG_CXX_LANGUAGE_STANDARD = "gnu++0x";
				CLANG_CXX_LIBRARY = "libc++";
				CLANG_ENABLE_MODULES = YES;
				CLANG_ENABLE_OBJC_ARC = YES;
				CLANG_WARN_BOOL_CONVERSION = YES;
				CLANG_WARN_CONSTANT_CONVERSION = YES;
				CLANG_WARN_DIRECT_OBJC_ISA_USAGE = YES_ERROR;
				CLANG_WARN_EMPTY_BODY = YES;
				CLANG_WARN_ENUM_CONVERSION = YES;
				CLANG_WARN_INT_CONVERSION = YES;
				CLANG_WARN_OBJC_ROOT_CLASS = YES_ERROR;
				CLANG_WARN_UNREACHABLE_CODE = YES;
				CLANG_WARN__DUPLICATE_METHOD_MATCH = YES;
				"CODE_SIGN_IDENTITY[sdk=iphoneos*]" = "iPhone Developer";
				COPY_PHASE_STRIP = NO;
				DEBUG_INFORMATION_FORMAT = "dwarf-with-dsym";
				ENABLE_NS_ASSERTIONS = NO;
				ENABLE_STRICT_OBJC_MSGSEND = YES;
				GCC_C_LANGUAGE_STANDARD = gnu99;
				GCC_NO_COMMON_BLOCKS = YES;
				GCC_WARN_64_TO_32_BIT_CONVERSION = YES;
				GCC_WARN_ABOUT_RETURN_TYPE = YES_ERROR;
				GCC_WARN_UNDECLARED_SELECTOR = YES;
				GCC_WARN_UNINITIALIZED_AUTOS = YES_AGGRESSIVE;
				GCC_WARN_UNUSED_FUNCTION = YES;
				GCC_WARN_UNUSED_VARIABLE = YES;
				IPHONEOS_DEPLOYMENT_TARGET = 9.2;
				MTL_ENABLE_DEBUG_INFO = NO;
				SDKROOT = iphoneos;
				TARGETED_DEVICE_FAMILY = "1,2";
				VALIDATE_PRODUCT = YES;
			};
			name = Release;
		};
		30AC372A1CB1EEBE00F71B32 /* Debug */ = {
			isa = XCBuildConfiguration;
			buildSettings = {
				ASSETCATALOG_COMPILER_APPICON_NAME = AppIcon;
				INFOPLIST_FILE = BankAssignment/Info.plist;
				LD_RUNPATH_SEARCH_PATHS = "$(inherited) @executable_path/Frameworks";
				PRODUCT_BUNDLE_IDENTIFIER = au.edu.rmit.s3519452.BankAssignment;
				PRODUCT_NAME = "$(TARGET_NAME)";
			};
			name = Debug;
		};
		30AC372B1CB1EEBE00F71B32 /* Release */ = {
			isa = XCBuildConfiguration;
			buildSettings = {
				ASSETCATALOG_COMPILER_APPICON_NAME = AppIcon;
				INFOPLIST_FILE = BankAssignment/Info.plist;
				LD_RUNPATH_SEARCH_PATHS = "$(inherited) @executable_path/Frameworks";
				PRODUCT_BUNDLE_IDENTIFIER = au.edu.rmit.s3519452.BankAssignment;
				PRODUCT_NAME = "$(TARGET_NAME)";
			};
			name = Release;
		};
		30AC372D1CB1EEBE00F71B32 /* Debug */ = {
			isa = XCBuildConfiguration;
			buildSettings = {
				BUNDLE_LOADER = "$(TEST_HOST)";
				INFOPLIST_FILE = BankAssignmentTests/Info.plist;
				LD_RUNPATH_SEARCH_PATHS = "$(inherited) @executable_path/Frameworks @loader_path/Frameworks";
				PRODUCT_BUNDLE_IDENTIFIER = au.edu.rmit.s3519452.BankAssignmentTests;
				PRODUCT_NAME = "$(TARGET_NAME)";
				TEST_HOST = "$(BUILT_PRODUCTS_DIR)/BankAssignment.app/BankAssignment";
			};
			name = Debug;
		};
		30AC372E1CB1EEBE00F71B32 /* Release */ = {
			isa = XCBuildConfiguration;
			buildSettings = {
				BUNDLE_LOADER = "$(TEST_HOST)";
				INFOPLIST_FILE = BankAssignmentTests/Info.plist;
				LD_RUNPATH_SEARCH_PATHS = "$(inherited) @executable_path/Frameworks @loader_path/Frameworks";
				PRODUCT_BUNDLE_IDENTIFIER = au.edu.rmit.s3519452.BankAssignmentTests;
				PRODUCT_NAME = "$(TARGET_NAME)";
				TEST_HOST = "$(BUILT_PRODUCTS_DIR)/BankAssignment.app/BankAssignment";
			};
			name = Release;
		};
		30AC37301CB1EEBE00F71B32 /* Debug */ = {
			isa = XCBuildConfiguration;
			buildSettings = {
				INFOPLIST_FILE = BankAssignmentUITests/Info.plist;
				LD_RUNPATH_SEARCH_PATHS = "$(inherited) @executable_path/Frameworks @loader_path/Frameworks";
				PRODUCT_BUNDLE_IDENTIFIER = au.edu.rmit.s3519452.BankAssignmentUITests;
				PRODUCT_NAME = "$(TARGET_NAME)";
				TEST_TARGET_NAME = BankAssignment;
				USES_XCTRUNNER = YES;
			};
			name = Debug;
		};
		30AC37311CB1EEBE00F71B32 /* Release */ = {
			isa = XCBuildConfiguration;
			buildSettings = {
				INFOPLIST_FILE = BankAssignmentUITests/Info.plist;
				LD_RUNPATH_SEARCH_PATHS = "$(inherited) @executable_path/Frameworks @loader_path/Frameworks";
				PRODUCT_BUNDLE_IDENTIFIER = au.edu.rmit.s3519452.BankAssignmentUITests;
				PRODUCT_NAME = "$(TARGET_NAME)";
				TEST_TARGET_NAME = BankAssignment;
				USES_XCTRUNNER = YES;
			};
			name = Release;
		};
/* End XCBuildConfiguration section */

/* Begin XCConfigurationList section */
		30AC36FC1CB1EEBD00F71B32 /* Build configuration list for PBXProject "BankAssignment" */ = {
			isa = XCConfigurationList;
			buildConfigurations = (
				30AC37271CB1EEBE00F71B32 /* Debug */,
				30AC37281CB1EEBE00F71B32 /* Release */,
			);
			defaultConfigurationIsVisible = 0;
			defaultConfigurationName = Release;
		};
		30AC37291CB1EEBE00F71B32 /* Build configuration list for PBXNativeTarget "BankAssignment" */ = {
			isa = XCConfigurationList;
			buildConfigurations = (
				30AC372A1CB1EEBE00F71B32 /* Debug */,
				30AC372B1CB1EEBE00F71B32 /* Release */,
			);
			defaultConfigurationIsVisible = 0;
		};
		30AC372C1CB1EEBE00F71B32 /* Build configuration list for PBXNativeTarget "BankAssignmentTests" */ = {
			isa = XCConfigurationList;
			buildConfigurations = (
				30AC372D1CB1EEBE00F71B32 /* Debug */,
				30AC372E1CB1EEBE00F71B32 /* Release */,
			);
			defaultConfigurationIsVisible = 0;
		};
		30AC372F1CB1EEBE00F71B32 /* Build configuration list for PBXNativeTarget "BankAssignmentUITests" */ = {
			isa = XCConfigurationList;
			buildConfigurations = (
				30AC37301CB1EEBE00F71B32 /* Debug */,
				30AC37311CB1EEBE00F71B32 /* Release */,
			);
			defaultConfigurationIsVisible = 0;
		};
/* End XCConfigurationList section */
	};
	rootObject = 30AC36F91CB1EEBD00F71B32 /* Project object */;
}
